{
  "requires": true,
  "lockfileVersion": 1,
  "dependencies": {
    "vue-digital-clock": {
      "version": "2.0.0",
      "resolved": "https://registry.npmjs.org/vue-digital-clock/-/vue-digital-clock-2.0.0.tgz",
      "integrity": "sha512-uOvJr5FKkWkkzlfnEn2KCt+D+QCkmAdd+ZanBZkOJJnUBYy+tYlYoWsCB/Nz0Z2GaZ5VEqIO8cvnyWKNoXANBA=="
    }
  }
}
